
Microsoft Visual Studio Solution File, Format Version 12.00
# Visual Studio Version 16
VisualStudioVersion = 16.0.29503.13
MinimumVisualStudioVersion = 10.0.40219.1
Project("{9A19103F-16F7-4668-BE54-9A1E7A4F7556}") = "LongestPossibleSubstring", "LongestPossibleSubstring\LongestPossibleSubstring.csproj", "{E7763324-2024-470E-BACB-097C58DDF233}"
EndProject
Project("{FAE04EC0-301F-11D3-BF4B-00C04F79EFBC}") = "MaxSquare", "MaxSquare\MaxSquare.csproj", "{3AF5C66F-C546-4F06-937A-42100FF565CE}"
EndProject
Project("{FAE04EC0-301F-11D3-BF4B-00C04F79EFBC}") = "RainForestQAChallenge", "RainForestQAChallenge\RainForestQAChallenge.csproj", "{A7841AD1-7060-4400-8F1E-B736F6F2E2C1}"
EndProject
Project("{FAE04EC0-301F-11D3-BF4B-00C04F79EFBC}") = "SockMerchant", "SockMerchant\SockMerchant.csproj", "{7E33BB45-0A9C-4BAE-BBE8-5D1A70C58ED7}"
EndProject
Project("{FAE04EC0-301F-11D3-BF4B-00C04F79EFBC}") = "JumpingClouds", "JumpingClouds\JumpingClouds.csproj", "{E8EB0836-B99F-4898-AE27-42A5989055A2}"
EndProject
Project("{FAE04EC0-301F-11D3-BF4B-00C04F79EFBC}") = "RepeatedStrings", "RepeatedStrings\RepeatedStrings.csproj", "{6410AA06-3F8F-4C46-9E51-CC3BA1204174}"
EndProject
Project("{FAE04EC0-301F-11D3-BF4B-00C04F79EFBC}") = "HourGlass", "HourGlass\HourGlass.csproj", "{80D2DE60-F745-4307-81A3-FE746CE01D82}"
EndProject
Project("{FAE04EC0-301F-11D3-BF4B-00C04F79EFBC}") = "LeftRotation", "LeftRotation\LeftRotation.csproj", "{2C2A539A-FB2D-4357-9900-B5DB3BA70FC8}"
EndProject
Project("{FAE04EC0-301F-11D3-BF4B-00C04F79EFBC}") = "ChaosQueue", "ChaosQueue\ChaosQueue.csproj", "{9902399F-D1DF-4CCC-9860-D0F8C4ACA14F}"
EndProject
Project("{FAE04EC0-301F-11D3-BF4B-00C04F79EFBC}") = "MinimumSwaps2", "MinimumSwaps2\MinimumSwaps2.csproj", "{09BECF19-E422-4E21-9736-1CD1AB5A03F2}"
EndProject
Project("{FAE04EC0-301F-11D3-BF4B-00C04F79EFBC}") = "ArrayManipulation", "ArrayManipulation\ArrayManipulation.csproj", "{FB0C309A-6A4B-44C6-831A-84382D3EC01E}"
EndProject
Project("{FAE04EC0-301F-11D3-BF4B-00C04F79EFBC}") = "NewYearChaos", "NewYearChaos\NewYearChaos.csproj", "{C7D91E77-CC4F-4DB5-B230-5BB3A69EBAA9}"
EndProject
Project("{FAE04EC0-301F-11D3-BF4B-00C04F79EFBC}") = "RansomNote", "RansomNote\RansomNote.csproj", "{6B31BB1D-7947-46AA-A3D4-B21D1EC97D20}"
EndProject
Project("{FAE04EC0-301F-11D3-BF4B-00C04F79EFBC}") = "TwoStrings", "TwoStrings\TwoStrings.csproj", "{D30B4FBA-D42F-4210-ABA6-1940D27022B9}"
EndProject
Project("{FAE04EC0-301F-11D3-BF4B-00C04F79EFBC}") = "CountTriplets", "CountTriplets\CountTriplets.csproj", "{7161BDA4-1386-4DE8-B075-2EEEDEB1972A}"
EndProject
Global
	GlobalSection(SolutionConfigurationPlatforms) = preSolution
		Debug|Any CPU = Debug|Any CPU
		Release|Any CPU = Release|Any CPU
	EndGlobalSection
	GlobalSection(ProjectConfigurationPlatforms) = postSolution
		{E7763324-2024-470E-BACB-097C58DDF233}.Debug|Any CPU.ActiveCfg = Debug|Any CPU
		{E7763324-2024-470E-BACB-097C58DDF233}.Debug|Any CPU.Build.0 = Debug|Any CPU
		{E7763324-2024-470E-BACB-097C58DDF233}.Release|Any CPU.ActiveCfg = Release|Any CPU
		{E7763324-2024-470E-BACB-097C58DDF233}.Release|Any CPU.Build.0 = Release|Any CPU
		{3AF5C66F-C546-4F06-937A-42100FF565CE}.Debug|Any CPU.ActiveCfg = Debug|Any CPU
		{3AF5C66F-C546-4F06-937A-42100FF565CE}.Debug|Any CPU.Build.0 = Debug|Any CPU
		{3AF5C66F-C546-4F06-937A-42100FF565CE}.Release|Any CPU.ActiveCfg = Release|Any CPU
		{3AF5C66F-C546-4F06-937A-42100FF565CE}.Release|Any CPU.Build.0 = Release|Any CPU
		{A7841AD1-7060-4400-8F1E-B736F6F2E2C1}.Debug|Any CPU.ActiveCfg = Debug|Any CPU
		{A7841AD1-7060-4400-8F1E-B736F6F2E2C1}.Debug|Any CPU.Build.0 = Debug|Any CPU
		{A7841AD1-7060-4400-8F1E-B736F6F2E2C1}.Release|Any CPU.ActiveCfg = Release|Any CPU
		{A7841AD1-7060-4400-8F1E-B736F6F2E2C1}.Release|Any CPU.Build.0 = Release|Any CPU
		{7E33BB45-0A9C-4BAE-BBE8-5D1A70C58ED7}.Debug|Any CPU.ActiveCfg = Debug|Any CPU
		{7E33BB45-0A9C-4BAE-BBE8-5D1A70C58ED7}.Debug|Any CPU.Build.0 = Debug|Any CPU
		{7E33BB45-0A9C-4BAE-BBE8-5D1A70C58ED7}.Release|Any CPU.ActiveCfg = Release|Any CPU
		{7E33BB45-0A9C-4BAE-BBE8-5D1A70C58ED7}.Release|Any CPU.Build.0 = Release|Any CPU
		{E8EB0836-B99F-4898-AE27-42A5989055A2}.Debug|Any CPU.ActiveCfg = Debug|Any CPU
		{E8EB0836-B99F-4898-AE27-42A5989055A2}.Debug|Any CPU.Build.0 = Debug|Any CPU
		{E8EB0836-B99F-4898-AE27-42A5989055A2}.Release|Any CPU.ActiveCfg = Release|Any CPU
		{E8EB0836-B99F-4898-AE27-42A5989055A2}.Release|Any CPU.Build.0 = Release|Any CPU
		{6410AA06-3F8F-4C46-9E51-CC3BA1204174}.Debug|Any CPU.ActiveCfg = Debug|Any CPU
		{6410AA06-3F8F-4C46-9E51-CC3BA1204174}.Debug|Any CPU.Build.0 = Debug|Any CPU
		{6410AA06-3F8F-4C46-9E51-CC3BA1204174}.Release|Any CPU.ActiveCfg = Release|Any CPU
		{6410AA06-3F8F-4C46-9E51-CC3BA1204174}.Release|Any CPU.Build.0 = Release|Any CPU
		{80D2DE60-F745-4307-81A3-FE746CE01D82}.Debug|Any CPU.ActiveCfg = Debug|Any CPU
		{80D2DE60-F745-4307-81A3-FE746CE01D82}.Debug|Any CPU.Build.0 = Debug|Any CPU
		{80D2DE60-F745-4307-81A3-FE746CE01D82}.Release|Any CPU.ActiveCfg = Release|Any CPU
		{80D2DE60-F745-4307-81A3-FE746CE01D82}.Release|Any CPU.Build.0 = Release|Any CPU
		{2C2A539A-FB2D-4357-9900-B5DB3BA70FC8}.Debug|Any CPU.ActiveCfg = Debug|Any CPU
		{2C2A539A-FB2D-4357-9900-B5DB3BA70FC8}.Debug|Any CPU.Build.0 = Debug|Any CPU
		{2C2A539A-FB2D-4357-9900-B5DB3BA70FC8}.Release|Any CPU.ActiveCfg = Release|Any CPU
		{2C2A539A-FB2D-4357-9900-B5DB3BA70FC8}.Release|Any CPU.Build.0 = Release|Any CPU
		{9902399F-D1DF-4CCC-9860-D0F8C4ACA14F}.Debug|Any CPU.ActiveCfg = Debug|Any CPU
		{9902399F-D1DF-4CCC-9860-D0F8C4ACA14F}.Debug|Any CPU.Build.0 = Debug|Any CPU
		{9902399F-D1DF-4CCC-9860-D0F8C4ACA14F}.Release|Any CPU.ActiveCfg = Release|Any CPU
		{9902399F-D1DF-4CCC-9860-D0F8C4ACA14F}.Release|Any CPU.Build.0 = Release|Any CPU
		{09BECF19-E422-4E21-9736-1CD1AB5A03F2}.Debug|Any CPU.ActiveCfg = Debug|Any CPU
		{09BECF19-E422-4E21-9736-1CD1AB5A03F2}.Debug|Any CPU.Build.0 = Debug|Any CPU
		{09BECF19-E422-4E21-9736-1CD1AB5A03F2}.Release|Any CPU.ActiveCfg = Release|Any CPU
		{09BECF19-E422-4E21-9736-1CD1AB5A03F2}.Release|Any CPU.Build.0 = Release|Any CPU
		{FB0C309A-6A4B-44C6-831A-84382D3EC01E}.Debug|Any CPU.ActiveCfg = Debug|Any CPU
		{FB0C309A-6A4B-44C6-831A-84382D3EC01E}.Debug|Any CPU.Build.0 = Debug|Any CPU
		{FB0C309A-6A4B-44C6-831A-84382D3EC01E}.Release|Any CPU.ActiveCfg = Release|Any CPU
		{FB0C309A-6A4B-44C6-831A-84382D3EC01E}.Release|Any CPU.Build.0 = Release|Any CPU
		{C7D91E77-CC4F-4DB5-B230-5BB3A69EBAA9}.Debug|Any CPU.ActiveCfg = Debug|Any CPU
		{C7D91E77-CC4F-4DB5-B230-5BB3A69EBAA9}.Debug|Any CPU.Build.0 = Debug|Any CPU
		{C7D91E77-CC4F-4DB5-B230-5BB3A69EBAA9}.Release|Any CPU.ActiveCfg = Release|Any CPU
		{C7D91E77-CC4F-4DB5-B230-5BB3A69EBAA9}.Release|Any CPU.Build.0 = Release|Any CPU
		{6B31BB1D-7947-46AA-A3D4-B21D1EC97D20}.Debug|Any CPU.ActiveCfg = Debug|Any CPU
		{6B31BB1D-7947-46AA-A3D4-B21D1EC97D20}.Debug|Any CPU.Build.0 = Debug|Any CPU
		{6B31BB1D-7947-46AA-A3D4-B21D1EC97D20}.Release|Any CPU.ActiveCfg = Release|Any CPU
		{6B31BB1D-7947-46AA-A3D4-B21D1EC97D20}.Release|Any CPU.Build.0 = Release|Any CPU
		{D30B4FBA-D42F-4210-ABA6-1940D27022B9}.Debug|Any CPU.ActiveCfg = Debug|Any CPU
		{D30B4FBA-D42F-4210-ABA6-1940D27022B9}.Debug|Any CPU.Build.0 = Debug|Any CPU
		{D30B4FBA-D42F-4210-ABA6-1940D27022B9}.Release|Any CPU.ActiveCfg = Release|Any CPU
		{D30B4FBA-D42F-4210-ABA6-1940D27022B9}.Release|Any CPU.Build.0 = Release|Any CPU
		{7161BDA4-1386-4DE8-B075-2EEEDEB1972A}.Debug|Any CPU.ActiveCfg = Debug|Any CPU
		{7161BDA4-1386-4DE8-B075-2EEEDEB1972A}.Debug|Any CPU.Build.0 = Debug|Any CPU
		{7161BDA4-1386-4DE8-B075-2EEEDEB1972A}.Release|Any CPU.ActiveCfg = Release|Any CPU
		{7161BDA4-1386-4DE8-B075-2EEEDEB1972A}.Release|Any CPU.Build.0 = Release|Any CPU
	EndGlobalSection
	GlobalSection(SolutionProperties) = preSolution
		HideSolutionNode = FALSE
	EndGlobalSection
	GlobalSection(ExtensibilityGlobals) = postSolution
		SolutionGuid = {862273E6-DED2-454F-9E35-045CA35B77F4}
	EndGlobalSection
EndGlobal
